
Microsoft Visual Studio Solution File, Format Version 12.00
# Visual Studio Version 17
VisualStudioVersion = 17.9.34728.123
MinimumVisualStudioVersion = 10.0.40219.1
Project("{888888A0-9F3D-457C-B088-3A5042F75D52}") = "GUI", "GUI\GUI.pyproj", "{16C91C0A-BA9C-4058-B9C0-669D9993D657}"
EndProject
Global
	GlobalSection(SolutionConfigurationPlatforms) = preSolution
		Debug|Any CPU = Debug|Any CPU
		Release|Any CPU = Release|Any CPU
	EndGlobalSection
	GlobalSection(ProjectConfigurationPlatforms) = postSolution
		{16C91C0A-BA9C-4058-B9C0-669D9993D657}.Debug|Any CPU.ActiveCfg = Debug|Any CPU
		{16C91C0A-BA9C-4058-B9C0-669D9993D657}.Release|Any CPU.ActiveCfg = Release|Any CPU
	EndGlobalSection
	GlobalSection(SolutionProperties) = preSolution
		HideSolutionNode = FALSE
	EndGlobalSection
	GlobalSection(ExtensibilityGlobals) = postSolution
		SolutionGuid = {763A7478-11D7-436F-B7FC-15FBC8231345}
	EndGlobalSection
EndGlobal
